// !$*UTF8*$!
{
	archiveVersion = 1;
	classes = {
	};
	objectVersion = 55;
	objects = {

/* Begin PBXBuildFile section */
		4408264C28AB7B4F0067BA33 /* TodoListApp.swift in Sources */ = {isa = PBXBuildFile; fileRef = 4408264B28AB7B4F0067BA33 /* TodoListApp.swift */; };
		4408265028AB7B520067BA33 /* Assets.xcassets in Resources */ = {isa = PBXBuildFile; fileRef = 4408264F28AB7B520067BA33 /* Assets.xcassets */; };
		4408265328AB7B520067BA33 /* Preview Assets.xcassets in Resources */ = {isa = PBXBuildFile; fileRef = 4408265228AB7B520067BA33 /* Preview Assets.xcassets */; };
		4408265C28AB95400067BA33 /* OnboardingView.swift in Sources */ = {isa = PBXBuildFile; fileRef = 4408265B28AB95400067BA33 /* OnboardingView.swift */; };
		4408266528ABDB730067BA33 /* FontsStyleManager.swift in Sources */ = {isa = PBXBuildFile; fileRef = 4408266428ABDB730067BA33 /* FontsStyleManager.swift */; };
		4408268128AFC8590067BA33 /* SuccesfulView.swift in Sources */ = {isa = PBXBuildFile; fileRef = 4408268028AFC8590067BA33 /* SuccesfulView.swift */; };
		4449A01528D0BC64001720DD /* UserModel.swift in Sources */ = {isa = PBXBuildFile; fileRef = 4449A01428D0BC64001720DD /* UserModel.swift */; };
		4449A01828D0BE29001720DD /* UserViewModel.swift in Sources */ = {isa = PBXBuildFile; fileRef = 4449A01728D0BE29001720DD /* UserViewModel.swift */; };
		4449A01A28D0C432001720DD /* TokenModel.swift in Sources */ = {isa = PBXBuildFile; fileRef = 4449A01928D0C432001720DD /* TokenModel.swift */; };
		444AC83D28C23DF2004B48B1 /* CustomBackButton.swift in Sources */ = {isa = PBXBuildFile; fileRef = 444AC83C28C23DF2004B48B1 /* CustomBackButton.swift */; };
		447B467528AFF5E2005C7291 /* SignInView.swift in Sources */ = {isa = PBXBuildFile; fileRef = 447B467428AFF5E2005C7291 /* SignInView.swift */; };
		447B467728B0FC64005C7291 /* ForgotPasswordView.swift in Sources */ = {isa = PBXBuildFile; fileRef = 447B467628B0FC64005C7291 /* ForgotPasswordView.swift */; };
		447B467928B10635005C7291 /* SignUpView.swift in Sources */ = {isa = PBXBuildFile; fileRef = 447B467828B10635005C7291 /* SignUpView.swift */; };
		447B467B28B106DE005C7291 /* ResetPasswordView.swift in Sources */ = {isa = PBXBuildFile; fileRef = 447B467A28B106DE005C7291 /* ResetPasswordView.swift */; };
		4486D8D028CF579C001343D7 /* FontStyleColors.swift in Sources */ = {isa = PBXBuildFile; fileRef = 4486D8CF28CF579C001343D7 /* FontStyleColors.swift */; };
		4488230228BCE7EF0026962C /* SplashScreenView.swift in Sources */ = {isa = PBXBuildFile; fileRef = 4488230128BCE7EF0026962C /* SplashScreenView.swift */; };
		44B3201C28C8B6BD0085480E /* ImagePicker.swift in Sources */ = {isa = PBXBuildFile; fileRef = 44B3201B28C8B6BD0085480E /* ImagePicker.swift */; };
/* End PBXBuildFile section */

/* Begin PBXFileReference section */
		4408264828AB7B4F0067BA33 /* TodoList.app */ = {isa = PBXFileReference; explicitFileType = wrapper.application; includeInIndex = 0; path = TodoList.app; sourceTree = BUILT_PRODUCTS_DIR; };
		4408264B28AB7B4F0067BA33 /* TodoListApp.swift */ = {isa = PBXFileReference; lastKnownFileType = sourcecode.swift; path = TodoListApp.swift; sourceTree = "<group>"; };
		4408264F28AB7B520067BA33 /* Assets.xcassets */ = {isa = PBXFileReference; lastKnownFileType = folder.assetcatalog; path = Assets.xcassets; sourceTree = "<group>"; };
		4408265228AB7B520067BA33 /* Preview Assets.xcassets */ = {isa = PBXFileReference; lastKnownFileType = folder.assetcatalog; path = "Preview Assets.xcassets"; sourceTree = "<group>"; };
		4408265B28AB95400067BA33 /* OnboardingView.swift */ = {isa = PBXFileReference; lastKnownFileType = sourcecode.swift; path = OnboardingView.swift; sourceTree = "<group>"; };
		4408266228ABDB580067BA33 /* Roboto-Medium.ttf */ = {isa = PBXFileReference; lastKnownFileType = file; path = "Roboto-Medium.ttf"; sourceTree = "<group>"; };
		4408266328ABDB590067BA33 /* Roboto-ThinItalic.ttf */ = {isa = PBXFileReference; lastKnownFileType = file; path = "Roboto-ThinItalic.ttf"; sourceTree = "<group>"; };
		4408266428ABDB730067BA33 /* FontsStyleManager.swift */ = {isa = PBXFileReference; lastKnownFileType = sourcecode.swift; path = FontsStyleManager.swift; sourceTree = "<group>"; };
		4408268028AFC8590067BA33 /* SuccesfulView.swift */ = {isa = PBXFileReference; lastKnownFileType = sourcecode.swift; path = SuccesfulView.swift; sourceTree = "<group>"; };
		4449A01428D0BC64001720DD /* UserModel.swift */ = {isa = PBXFileReference; lastKnownFileType = sourcecode.swift; path = UserModel.swift; sourceTree = "<group>"; };
		4449A01728D0BE29001720DD /* UserViewModel.swift */ = {isa = PBXFileReference; lastKnownFileType = sourcecode.swift; path = UserViewModel.swift; sourceTree = "<group>"; };
		4449A01928D0C432001720DD /* TokenModel.swift */ = {isa = PBXFileReference; lastKnownFileType = sourcecode.swift; path = TokenModel.swift; sourceTree = "<group>"; };
		444AC83C28C23DF2004B48B1 /* CustomBackButton.swift */ = {isa = PBXFileReference; lastKnownFileType = sourcecode.swift; path = CustomBackButton.swift; sourceTree = "<group>"; };
		447B467428AFF5E2005C7291 /* SignInView.swift */ = {isa = PBXFileReference; lastKnownFileType = sourcecode.swift; path = SignInView.swift; sourceTree = "<group>"; };
		447B467628B0FC64005C7291 /* ForgotPasswordView.swift */ = {isa = PBXFileReference; lastKnownFileType = sourcecode.swift; path = ForgotPasswordView.swift; sourceTree = "<group>"; };
		447B467828B10635005C7291 /* SignUpView.swift */ = {isa = PBXFileReference; lastKnownFileType = sourcecode.swift; path = SignUpView.swift; sourceTree = "<group>"; };
		447B467A28B106DE005C7291 /* ResetPasswordView.swift */ = {isa = PBXFileReference; lastKnownFileType = sourcecode.swift; path = ResetPasswordView.swift; sourceTree = "<group>"; };
		4486D8CF28CF579C001343D7 /* FontStyleColors.swift */ = {isa = PBXFileReference; lastKnownFileType = sourcecode.swift; path = FontStyleColors.swift; sourceTree = "<group>"; };
		4488230128BCE7EF0026962C /* SplashScreenView.swift */ = {isa = PBXFileReference; lastKnownFileType = sourcecode.swift; path = SplashScreenView.swift; sourceTree = "<group>"; };
		44B3201B28C8B6BD0085480E /* ImagePicker.swift */ = {isa = PBXFileReference; lastKnownFileType = sourcecode.swift; path = ImagePicker.swift; sourceTree = "<group>"; };
/* End PBXFileReference section */

/* Begin PBXFrameworksBuildPhase section */
		4408264528AB7B4F0067BA33 /* Frameworks */ = {
			isa = PBXFrameworksBuildPhase;
			buildActionMask = 2147483647;
			files = (
			);
			runOnlyForDeploymentPostprocessing = 0;
		};
/* End PBXFrameworksBuildPhase section */

/* Begin PBXGroup section */
		4408263F28AB7B4E0067BA33 = {
			isa = PBXGroup;
			children = (
				4408264A28AB7B4F0067BA33 /* TodoList */,
				4408264928AB7B4F0067BA33 /* Products */,
			);
			sourceTree = "<group>";
		};
		4408264928AB7B4F0067BA33 /* Products */ = {
			isa = PBXGroup;
			children = (
				4408264828AB7B4F0067BA33 /* TodoList.app */,
			);
			name = Products;
			sourceTree = "<group>";
		};
		4408264A28AB7B4F0067BA33 /* TodoList */ = {
			isa = PBXGroup;
			children = (
				4449A01628D0BE0C001720DD /* ViewModel */,
				4449A01328D0BC47001720DD /* Model */,
				4486D8CB28CF37FC001343D7 /* Views */,
				4408266128ABD9E70067BA33 /* Fonts */,
				4408264F28AB7B520067BA33 /* Assets.xcassets */,
				4408265128AB7B520067BA33 /* Preview Content */,
			);
			path = TodoList;
			sourceTree = "<group>";
		};
		4408265128AB7B520067BA33 /* Preview Content */ = {
			isa = PBXGroup;
			children = (
				4408265228AB7B520067BA33 /* Preview Assets.xcassets */,
			);
			path = "Preview Content";
			sourceTree = "<group>";
		};
		4408266128ABD9E70067BA33 /* Fonts */ = {
			isa = PBXGroup;
			children = (
				4408266228ABDB580067BA33 /* Roboto-Medium.ttf */,
				4408266328ABDB590067BA33 /* Roboto-ThinItalic.ttf */,
				4408266428ABDB730067BA33 /* FontsStyleManager.swift */,
				4486D8CF28CF579C001343D7 /* FontStyleColors.swift */,
			);
			path = Fonts;
			sourceTree = "<group>";
		};
		4449A01328D0BC47001720DD /* Model */ = {
			isa = PBXGroup;
			children = (
				4449A01428D0BC64001720DD /* UserModel.swift */,
				4449A01928D0C432001720DD /* TokenModel.swift */,
			);
			path = Model;
			sourceTree = "<group>";
		};
		4449A01628D0BE0C001720DD /* ViewModel */ = {
			isa = PBXGroup;
			children = (
				4449A01728D0BE29001720DD /* UserViewModel.swift */,
			);
			path = ViewModel;
			sourceTree = "<group>";
		};
		4486D8C528CF34C2001343D7 /* Onboarding */ = {
			isa = PBXGroup;
			children = (
				4408265B28AB95400067BA33 /* OnboardingView.swift */,
			);
			path = Onboarding;
			sourceTree = "<group>";
		};
		4486D8C628CF34D3001343D7 /* SignUp */ = {
			isa = PBXGroup;
			children = (
				447B467828B10635005C7291 /* SignUpView.swift */,
			);
			path = SignUp;
			sourceTree = "<group>";
		};
		4486D8C728CF34EA001343D7 /* SignIn */ = {
			isa = PBXGroup;
			children = (
				447B467428AFF5E2005C7291 /* SignInView.swift */,
			);
			path = SignIn;
			sourceTree = "<group>";
		};
		4486D8C828CF3501001343D7 /* ForgotPassword */ = {
			isa = PBXGroup;
			children = (
				447B467628B0FC64005C7291 /* ForgotPasswordView.swift */,
			);
			path = ForgotPassword;
			sourceTree = "<group>";
		};
		4486D8C928CF351E001343D7 /* ResetPassword */ = {
			isa = PBXGroup;
			children = (
				447B467A28B106DE005C7291 /* ResetPasswordView.swift */,
			);
			path = ResetPassword;
			sourceTree = "<group>";
		};
		4486D8CA28CF3531001343D7 /* Succesful */ = {
			isa = PBXGroup;
			children = (
				4408268028AFC8590067BA33 /* SuccesfulView.swift */,
			);
			path = Succesful;
			sourceTree = "<group>";
		};
		4486D8CB28CF37FC001343D7 /* Views */ = {
			isa = PBXGroup;
			children = (
				4486D8CD28CF38EC001343D7 /* TodoListApp */,
				4486D8CC28CF38B2001343D7 /* SplashScreen */,
				4486D8C528CF34C2001343D7 /* Onboarding */,
				4486D8C628CF34D3001343D7 /* SignUp */,
				4486D8C728CF34EA001343D7 /* SignIn */,
				4486D8C828CF3501001343D7 /* ForgotPassword */,
				4486D8C928CF351E001343D7 /* ResetPassword */,
				4486D8CA28CF3531001343D7 /* Succesful */,
				4486D8CE28CF5729001343D7 /* CustomView */,
			);
			path = Views;
			sourceTree = "<group>";
		};
		4486D8CC28CF38B2001343D7 /* SplashScreen */ = {
			isa = PBXGroup;
			children = (
				4488230128BCE7EF0026962C /* SplashScreenView.swift */,
			);
			path = SplashScreen;
			sourceTree = "<group>";
		};
		4486D8CD28CF38EC001343D7 /* TodoListApp */ = {
			isa = PBXGroup;
			children = (
				4408264B28AB7B4F0067BA33 /* TodoListApp.swift */,
			);
			path = TodoListApp;
			sourceTree = "<group>";
		};
		4486D8CE28CF5729001343D7 /* CustomView */ = {
			isa = PBXGroup;
			children = (
				44B3201B28C8B6BD0085480E /* ImagePicker.swift */,
				444AC83C28C23DF2004B48B1 /* CustomBackButton.swift */,
			);
			path = CustomView;
			sourceTree = "<group>";
		};
/* End PBXGroup section */

/* Begin PBXNativeTarget section */
		4408264728AB7B4F0067BA33 /* TodoList */ = {
			isa = PBXNativeTarget;
			buildConfigurationList = 4408265628AB7B520067BA33 /* Build configuration list for PBXNativeTarget "TodoList" */;
			buildPhases = (
				4408264428AB7B4F0067BA33 /* Sources */,
				4408264528AB7B4F0067BA33 /* Frameworks */,
				4408264628AB7B4F0067BA33 /* Resources */,
			);
			buildRules = (
			);
			dependencies = (
			);
			name = TodoList;
			productName = TodoList;
			productReference = 4408264828AB7B4F0067BA33 /* TodoList.app */;
			productType = "com.apple.product-type.application";
		};
/* End PBXNativeTarget section */

/* Begin PBXProject section */
		4408264028AB7B4E0067BA33 /* Project object */ = {
			isa = PBXProject;
			attributes = {
				BuildIndependentTargetsInParallel = 1;
				LastSwiftUpdateCheck = 1320;
				LastUpgradeCheck = 1320;
				TargetAttributes = {
					4408264728AB7B4F0067BA33 = {
						CreatedOnToolsVersion = 13.2.1;
					};
				};
			};
			buildConfigurationList = 4408264328AB7B4E0067BA33 /* Build configuration list for PBXProject "TodoList" */;
			compatibilityVersion = "Xcode 13.0";
			developmentRegion = en;
			hasScannedForEncodings = 0;
			knownRegions = (
				en,
				Base,
			);
			mainGroup = 4408263F28AB7B4E0067BA33;
			productRefGroup = 4408264928AB7B4F0067BA33 /* Products */;
			projectDirPath = "";
			projectRoot = "";
			targets = (
				4408264728AB7B4F0067BA33 /* TodoList */,
			);
		};
/* End PBXProject section */

/* Begin PBXResourcesBuildPhase section */
		4408264628AB7B4F0067BA33 /* Resources */ = {
			isa = PBXResourcesBuildPhase;
			buildActionMask = 2147483647;
			files = (
				4408265328AB7B520067BA33 /* Preview Assets.xcassets in Resources */,
				4408265028AB7B520067BA33 /* Assets.xcassets in Resources */,
			);
			runOnlyForDeploymentPostprocessing = 0;
		};
/* End PBXResourcesBuildPhase section */

/* Begin PBXSourcesBuildPhase section */
		4408264428AB7B4F0067BA33 /* Sources */ = {
			isa = PBXSourcesBuildPhase;
			buildActionMask = 2147483647;
			files = (
				4408266528ABDB730067BA33 /* FontsStyleManager.swift in Sources */,
				447B467728B0FC64005C7291 /* ForgotPasswordView.swift in Sources */,
				4408265C28AB95400067BA33 /* OnboardingView.swift in Sources */,
				447B467B28B106DE005C7291 /* ResetPasswordView.swift in Sources */,
				4408264C28AB7B4F0067BA33 /* TodoListApp.swift in Sources */,
				4449A01828D0BE29001720DD /* UserViewModel.swift in Sources */,
				4449A01528D0BC64001720DD /* UserModel.swift in Sources */,
				447B467928B10635005C7291 /* SignUpView.swift in Sources */,
				4488230228BCE7EF0026962C /* SplashScreenView.swift in Sources */,
				447B467528AFF5E2005C7291 /* SignInView.swift in Sources */,
				44B3201C28C8B6BD0085480E /* ImagePicker.swift in Sources */,
				444AC83D28C23DF2004B48B1 /* CustomBackButton.swift in Sources */,
				4486D8D028CF579C001343D7 /* FontStyleColors.swift in Sources */,
				4449A01A28D0C432001720DD /* TokenModel.swift in Sources */,
				4408268128AFC8590067BA33 /* SuccesfulView.swift in Sources */,
			);
			runOnlyForDeploymentPostprocessing = 0;
		};
/* End PBXSourcesBuildPhase section */

/* Begin XCBuildConfiguration section */
		4408265428AB7B520067BA33 /* Debug */ = {
			isa = XCBuildConfiguration;
			buildSettings = {
				ALWAYS_SEARCH_USER_PATHS = NO;
				CLANG_ANALYZER_NONNULL = YES;
				CLANG_ANALYZER_NUMBER_OBJECT_CONVERSION = YES_AGGRESSIVE;
				CLANG_CXX_LANGUAGE_STANDARD = "gnu++17";
				CLANG_CXX_LIBRARY = "libc++";
				CLANG_ENABLE_MODULES = YES;
				CLANG_ENABLE_OBJC_ARC = YES;
				CLANG_ENABLE_OBJC_WEAK = YES;
				CLANG_WARN_BLOCK_CAPTURE_AUTORELEASING = YES;
				CLANG_WARN_BOOL_CONVERSION = YES;
				CLANG_WARN_COMMA = YES;
				CLANG_WARN_CONSTANT_CONVERSION = YES;
				CLANG_WARN_DEPRECATED_OBJC_IMPLEMENTATIONS = YES;
				CLANG_WARN_DIRECT_OBJC_ISA_USAGE = YES_ERROR;
				CLANG_WARN_DOCUMENTATION_COMMENTS = YES;
				CLANG_WARN_EMPTY_BODY = YES;
				CLANG_WARN_ENUM_CONVERSION = YES;
				CLANG_WARN_INFINITE_RECURSION = YES;
				CLANG_WARN_INT_CONVERSION = YES;
				CLANG_WARN_NON_LITERAL_NULL_CONVERSION = YES;
				CLANG_WARN_OBJC_IMPLICIT_RETAIN_SELF = YES;
				CLANG_WARN_OBJC_LITERAL_CONVERSION = YES;
				CLANG_WARN_OBJC_ROOT_CLASS = YES_ERROR;
				CLANG_WARN_QUOTED_INCLUDE_IN_FRAMEWORK_HEADER = YES;
				CLANG_WARN_RANGE_LOOP_ANALYSIS = YES;
				CLANG_WARN_STRICT_PROTOTYPES = YES;
				CLANG_WARN_SUSPICIOUS_MOVE = YES;
				CLANG_WARN_UNGUARDED_AVAILABILITY = YES_AGGRESSIVE;
				CLANG_WARN_UNREACHABLE_CODE = YES;
				CLANG_WARN__DUPLICATE_METHOD_MATCH = YES;
				COPY_PHASE_STRIP = NO;
				DEBUG_INFORMATION_FORMAT = dwarf;
				ENABLE_STRICT_OBJC_MSGSEND = YES;
				ENABLE_TESTABILITY = YES;
				GCC_C_LANGUAGE_STANDARD = gnu11;
				GCC_DYNAMIC_NO_PIC = NO;
				GCC_NO_COMMON_BLOCKS = YES;
				GCC_OPTIMIZATION_LEVEL = 0;
				GCC_PREPROCESSOR_DEFINITIONS = (
					"DEBUG=1",
					"$(inherited)",
				);
				GCC_WARN_64_TO_32_BIT_CONVERSION = YES;
				GCC_WARN_ABOUT_RETURN_TYPE = YES_ERROR;
				GCC_WARN_UNDECLARED_SELECTOR = YES;
				GCC_WARN_UNINITIALIZED_AUTOS = YES_AGGRESSIVE;
				GCC_WARN_UNUSED_FUNCTION = YES;
				GCC_WARN_UNUSED_VARIABLE = YES;
				IPHONEOS_DEPLOYMENT_TARGET = 15.2;
				MTL_ENABLE_DEBUG_INFO = INCLUDE_SOURCE;
				MTL_FAST_MATH = YES;
				ONLY_ACTIVE_ARCH = YES;
				SDKROOT = iphoneos;
				SWIFT_ACTIVE_COMPILATION_CONDITIONS = DEBUG;
				SWIFT_OPTIMIZATION_LEVEL = "-Onone";
			};
			name = Debug;
		};
		4408265528AB7B520067BA33 /* Release */ = {
			isa = XCBuildConfiguration;
			buildSettings = {
				ALWAYS_SEARCH_USER_PATHS = NO;
				CLANG_ANALYZER_NONNULL = YES;
				CLANG_ANALYZER_NUMBER_OBJECT_CONVERSION = YES_AGGRESSIVE;
				CLANG_CXX_LANGUAGE_STANDARD = "gnu++17";
				CLANG_CXX_LIBRARY = "libc++";
				CLANG_ENABLE_MODULES = YES;
				CLANG_ENABLE_OBJC_ARC = YES;
				CLANG_ENABLE_OBJC_WEAK = YES;
				CLANG_WARN_BLOCK_CAPTURE_AUTORELEASING = YES;
				CLANG_WARN_BOOL_CONVERSION = YES;
				CLANG_WARN_COMMA = YES;
				CLANG_WARN_CONSTANT_CONVERSION = YES;
				CLANG_WARN_DEPRECATED_OBJC_IMPLEMENTATIONS = YES;
				CLANG_WARN_DIRECT_OBJC_ISA_USAGE = YES_ERROR;
				CLANG_WARN_DOCUMENTATION_COMMENTS = YES;
				CLANG_WARN_EMPTY_BODY = YES;
				CLANG_WARN_ENUM_CONVERSION = YES;
				CLANG_WARN_INFINITE_RECURSION = YES;
				CLANG_WARN_INT_CONVERSION = YES;
				CLANG_WARN_NON_LITERAL_NULL_CONVERSION = YES;
				CLANG_WARN_OBJC_IMPLICIT_RETAIN_SELF = YES;
				CLANG_WARN_OBJC_LITERAL_CONVERSION = YES;
				CLANG_WARN_OBJC_ROOT_CLASS = YES_ERROR;
				CLANG_WARN_QUOTED_INCLUDE_IN_FRAMEWORK_HEADER = YES;
				CLANG_WARN_RANGE_LOOP_ANALYSIS = YES;
				CLANG_WARN_STRICT_PROTOTYPES = YES;
				CLANG_WARN_SUSPICIOUS_MOVE = YES;
				CLANG_WARN_UNGUARDED_AVAILABILITY = YES_AGGRESSIVE;
				CLANG_WARN_UNREACHABLE_CODE = YES;
				CLANG_WARN__DUPLICATE_METHOD_MATCH = YES;
				COPY_PHASE_STRIP = NO;
				DEBUG_INFORMATION_FORMAT = "dwarf-with-dsym";
				ENABLE_NS_ASSERTIONS = NO;
				ENABLE_STRICT_OBJC_MSGSEND = YES;
				GCC_C_LANGUAGE_STANDARD = gnu11;
				GCC_NO_COMMON_BLOCKS = YES;
				GCC_WARN_64_TO_32_BIT_CONVERSION = YES;
				GCC_WARN_ABOUT_RETURN_TYPE = YES_ERROR;
				GCC_WARN_UNDECLARED_SELECTOR = YES;
				GCC_WARN_UNINITIALIZED_AUTOS = YES_AGGRESSIVE;
				GCC_WARN_UNUSED_FUNCTION = YES;
				GCC_WARN_UNUSED_VARIABLE = YES;
				IPHONEOS_DEPLOYMENT_TARGET = 15.2;
				MTL_ENABLE_DEBUG_INFO = NO;
				MTL_FAST_MATH = YES;
				SDKROOT = iphoneos;
				SWIFT_COMPILATION_MODE = wholemodule;
				SWIFT_OPTIMIZATION_LEVEL = "-O";
				VALIDATE_PRODUCT = YES;
			};
			name = Release;
		};
		4408265728AB7B520067BA33 /* Debug */ = {
			isa = XCBuildConfiguration;
			buildSettings = {
				ASSETCATALOG_COMPILER_APPICON_NAME = AppIcon;
				ASSETCATALOG_COMPILER_GLOBAL_ACCENT_COLOR_NAME = AccentColor;
				CODE_SIGN_STYLE = Automatic;
				CURRENT_PROJECT_VERSION = 1;
				DEVELOPMENT_ASSET_PATHS = "\"TodoList/Preview Content\"";
				DEVELOPMENT_TEAM = 84N4PJWN7L;
				ENABLE_PREVIEWS = YES;
				GENERATE_INFOPLIST_FILE = YES;
				INFOPLIST_KEY_UIApplicationSceneManifest_Generation = YES;
				INFOPLIST_KEY_UIApplicationSupportsIndirectInputEvents = YES;
				INFOPLIST_KEY_UILaunchScreen_Generation = YES;
				INFOPLIST_KEY_UISupportedInterfaceOrientations_iPad = "UIInterfaceOrientationPortrait UIInterfaceOrientationPortraitUpsideDown UIInterfaceOrientationLandscapeLeft UIInterfaceOrientationLandscapeRight";
				INFOPLIST_KEY_UISupportedInterfaceOrientations_iPhone = "UIInterfaceOrientationPortrait UIInterfaceOrientationLandscapeLeft UIInterfaceOrientationLandscapeRight";
				LD_RUNPATH_SEARCH_PATHS = (
					"$(inherited)",
					"@executable_path/Frameworks",
				);
				MARKETING_VERSION = 1.0;
				PRODUCT_BUNDLE_IDENTIFIER = "Nikita-Kogolenok.TodoList";
				PRODUCT_NAME = "$(TARGET_NAME)";
				SWIFT_EMIT_LOC_STRINGS = YES;
				SWIFT_VERSION = 5.0;
				TARGETED_DEVICE_FAMILY = "1,2";
			};
			name = Debug;
		};
		4408265828AB7B520067BA33 /* Release */ = {
			isa = XCBuildConfiguration;
			buildSettings = {
				ASSETCATALOG_COMPILER_APPICON_NAME = AppIcon;
				ASSETCATALOG_COMPILER_GLOBAL_ACCENT_COLOR_NAME = AccentColor;
				CODE_SIGN_STYLE = Automatic;
				CURRENT_PROJECT_VERSION = 1;
				DEVELOPMENT_ASSET_PATHS = "\"TodoList/Preview Content\"";
				DEVELOPMENT_TEAM = 84N4PJWN7L;
				ENABLE_PREVIEWS = YES;
				GENERATE_INFOPLIST_FILE = YES;
				INFOPLIST_KEY_UIApplicationSceneManifest_Generation = YES;
				INFOPLIST_KEY_UIApplicationSupportsIndirectInputEvents = YES;
				INFOPLIST_KEY_UILaunchScreen_Generation = YES;
				INFOPLIST_KEY_UISupportedInterfaceOrientations_iPad = "UIInterfaceOrientationPortrait UIInterfaceOrientationPortraitUpsideDown UIInterfaceOrientationLandscapeLeft UIInterfaceOrientationLandscapeRight";
				INFOPLIST_KEY_UISupportedInterfaceOrientations_iPhone = "UIInterfaceOrientationPortrait UIInterfaceOrientationLandscapeLeft UIInterfaceOrientationLandscapeRight";
				LD_RUNPATH_SEARCH_PATHS = (
					"$(inherited)",
					"@executable_path/Frameworks",
				);
				MARKETING_VERSION = 1.0;
				PRODUCT_BUNDLE_IDENTIFIER = "Nikita-Kogolenok.TodoList";
				PRODUCT_NAME = "$(TARGET_NAME)";
				SWIFT_EMIT_LOC_STRINGS = YES;
				SWIFT_VERSION = 5.0;
				TARGETED_DEVICE_FAMILY = "1,2";
			};
			name = Release;
		};
/* End XCBuildConfiguration section */

/* Begin XCConfigurationList section */
		4408264328AB7B4E0067BA33 /* Build configuration list for PBXProject "TodoList" */ = {
			isa = XCConfigurationList;
			buildConfigurations = (
				4408265428AB7B520067BA33 /* Debug */,
				4408265528AB7B520067BA33 /* Release */,
			);
			defaultConfigurationIsVisible = 0;
			defaultConfigurationName = Release;
		};
		4408265628AB7B520067BA33 /* Build configuration list for PBXNativeTarget "TodoList" */ = {
			isa = XCConfigurationList;
			buildConfigurations = (
				4408265728AB7B520067BA33 /* Debug */,
				4408265828AB7B520067BA33 /* Release */,
			);
			defaultConfigurationIsVisible = 0;
			defaultConfigurationName = Release;
		};
/* End XCConfigurationList section */
	};
	rootObject = 4408264028AB7B4E0067BA33 /* Project object */;
}
